
Microsoft Visual Studio Solution File, Format Version 12.00
# Visual Studio Version 17
VisualStudioVersion = 17.10.35122.118
MinimumVisualStudioVersion = 10.0.40219.1
Project("{FAE04EC0-301F-11D3-BF4B-00C04F79EFBC}") = "PlaywrightNunitKT", "PlaywrightNunitKT.csproj", "{CA99E817-77B5-4B79-ADE7-2DA7E3B2D888}"
EndProject
Project("{2150E333-8FDC-42A3-9474-1A3956D46DE8}") = "Solution Items", "Solution Items", "{F50B23BE-EB74-414D-950A-CEED5AAFD6C9}"
EndProject
Global
	GlobalSection(SolutionConfigurationPlatforms) = preSolution
		Debug|Any CPU = Debug|Any CPU
		Release|Any CPU = Release|Any CPU
	EndGlobalSection
	GlobalSection(ProjectConfigurationPlatforms) = postSolution
		{CA99E817-77B5-4B79-ADE7-2DA7E3B2D888}.Debug|Any CPU.ActiveCfg = Debug|Any CPU
		{CA99E817-77B5-4B79-ADE7-2DA7E3B2D888}.Debug|Any CPU.Build.0 = Debug|Any CPU
		{CA99E817-77B5-4B79-ADE7-2DA7E3B2D888}.Release|Any CPU.ActiveCfg = Release|Any CPU
		{CA99E817-77B5-4B79-ADE7-2DA7E3B2D888}.Release|Any CPU.Build.0 = Release|Any CPU
	EndGlobalSection
	GlobalSection(SolutionProperties) = preSolution
		HideSolutionNode = FALSE
	EndGlobalSection
	GlobalSection(ExtensibilityGlobals) = postSolution
		SolutionGuid = {4F90B9D2-52DD-43E4-8650-F063A1C94E3A}
	EndGlobalSection
EndGlobal
